
Microsoft Visual Studio Solution File, Format Version 12.00
Project("{FAE04EC0-301F-11D3-BF4B-00C04F79EFBC}") = "CodingTrackerApp", "CodingTrackerApp\CodingTrackerApp.csproj", "{523E9576-703D-4097-ABBD-9A45D97FD74C}"
EndProject
Global
	GlobalSection(SolutionConfigurationPlatforms) = preSolution
		Debug|Any CPU = Debug|Any CPU
		Release|Any CPU = Release|Any CPU
	EndGlobalSection
	GlobalSection(ProjectConfigurationPlatforms) = postSolution
		{523E9576-703D-4097-ABBD-9A45D97FD74C}.Debug|Any CPU.ActiveCfg = Debug|Any CPU
		{523E9576-703D-4097-ABBD-9A45D97FD74C}.Debug|Any CPU.Build.0 = Debug|Any CPU
		{523E9576-703D-4097-ABBD-9A45D97FD74C}.Release|Any CPU.ActiveCfg = Release|Any CPU
		{523E9576-703D-4097-ABBD-9A45D97FD74C}.Release|Any CPU.Build.0 = Release|Any CPU
	EndGlobalSection
EndGlobal
